
Microsoft Visual Studio Solution File, Format Version 12.00
# Visual Studio 15
VisualStudioVersion = 15.0.27130.2027
MinimumVisualStudioVersion = 10.0.40219.1
Project("{FAE04EC0-301F-11D3-BF4B-00C04F79EFBC}") = "Backpropagation_proj01", "Backpropagation_proj01\Backpropagation_proj01.csproj", "{3EEF4A90-5B20-446E-B212-69434403A7B6}"
EndProject
Global
	GlobalSection(SolutionConfigurationPlatforms) = preSolution
		Debug|Any CPU = Debug|Any CPU
		Release|Any CPU = Release|Any CPU
	EndGlobalSection
	GlobalSection(ProjectConfigurationPlatforms) = postSolution
		{3EEF4A90-5B20-446E-B212-69434403A7B6}.Debug|Any CPU.ActiveCfg = Debug|Any CPU
		{3EEF4A90-5B20-446E-B212-69434403A7B6}.Debug|Any CPU.Build.0 = Debug|Any CPU
		{3EEF4A90-5B20-446E-B212-69434403A7B6}.Release|Any CPU.ActiveCfg = Release|Any CPU
		{3EEF4A90-5B20-446E-B212-69434403A7B6}.Release|Any CPU.Build.0 = Release|Any CPU
	EndGlobalSection
	GlobalSection(SolutionProperties) = preSolution
		HideSolutionNode = FALSE
	EndGlobalSection
	GlobalSection(ExtensibilityGlobals) = postSolution
		SolutionGuid = {04BDFE74-8ADB-4837-90E2-06BD065E6BF0}
	EndGlobalSection
EndGlobal
